
Microsoft Visual Studio Solution File, Format Version 11.00
# Visual Basic Express 2010
Project("{F184B08F-C81C-45F6-A57F-5ABD9991F28F}") = "TestVb", "TestVb\TestVb.vbproj", "{A35B4457-7415-4A1B-94BC-D62E6EDACD51}"
EndProject
Global
	GlobalSection(SolutionConfigurationPlatforms) = preSolution
		Debug|x86 = Debug|x86
		Release|x86 = Release|x86
	EndGlobalSection
	GlobalSection(ProjectConfigurationPlatforms) = postSolution
		{A35B4457-7415-4A1B-94BC-D62E6EDACD51}.Debug|x86.ActiveCfg = Debug|x86
		{A35B4457-7415-4A1B-94BC-D62E6EDACD51}.Debug|x86.Build.0 = Debug|x86
		{A35B4457-7415-4A1B-94BC-D62E6EDACD51}.Release|x86.ActiveCfg = Release|x86
		{A35B4457-7415-4A1B-94BC-D62E6EDACD51}.Release|x86.Build.0 = Release|x86
	EndGlobalSection
	GlobalSection(SolutionProperties) = preSolution
		HideSolutionNode = FALSE
	EndGlobalSection
EndGlobal
