
Microsoft Visual Studio Solution File, Format Version 10.00
# Visual C# Express 2008
Project("{FAE04EC0-301F-11D3-BF4B-00C04F79EFBC}") = "TwainDotNet", "TwainDotNet\TwainDotNet.csproj", "{857B8891-2932-484D-A9A8-D38B47108CF0}"
EndProject
Project("{FAE04EC0-301F-11D3-BF4B-00C04F79EFBC}") = "TestApp", "TestApp\TestApp.csproj", "{378465E6-6577-41CE-AEA3-DA73541F93A4}"
EndProject
Project("{FAE04EC0-301F-11D3-BF4B-00C04F79EFBC}") = "TestAppWpf", "TestAppWpf\TestAppWpf.csproj", "{4D85C10D-1DB3-41A0-AD04-EF43DF4F8B56}"
EndProject
Project("{FAE04EC0-301F-11D3-BF4B-00C04F79EFBC}") = "TwainDotNet.Wpf", "TwainDotNet.Wpf\TwainDotNet.Wpf.csproj", "{E297D5D9-17DD-4FC3-9B7B-DF1A8B28FA5E}"
EndProject
Project("{FAE04EC0-301F-11D3-BF4B-00C04F79EFBC}") = "TwainDotNet.WinFroms", "TwainDotNet.WinFroms\TwainDotNet.WinFroms.csproj", "{715EED8D-94FE-40ED-B3F7-59284FA6242B}"
EndProject
Global
	GlobalSection(SolutionConfigurationPlatforms) = preSolution
		Debug|Any CPU = Debug|Any CPU
		Release|Any CPU = Release|Any CPU
	EndGlobalSection
	GlobalSection(ProjectConfigurationPlatforms) = postSolution
		{857B8891-2932-484D-A9A8-D38B47108CF0}.Debug|Any CPU.ActiveCfg = Debug|Any CPU
		{857B8891-2932-484D-A9A8-D38B47108CF0}.Debug|Any CPU.Build.0 = Debug|Any CPU
		{857B8891-2932-484D-A9A8-D38B47108CF0}.Release|Any CPU.ActiveCfg = Release|Any CPU
		{857B8891-2932-484D-A9A8-D38B47108CF0}.Release|Any CPU.Build.0 = Release|Any CPU
		{378465E6-6577-41CE-AEA3-DA73541F93A4}.Debug|Any CPU.ActiveCfg = Debug|Any CPU
		{378465E6-6577-41CE-AEA3-DA73541F93A4}.Debug|Any CPU.Build.0 = Debug|Any CPU
		{378465E6-6577-41CE-AEA3-DA73541F93A4}.Release|Any CPU.ActiveCfg = Release|Any CPU
		{378465E6-6577-41CE-AEA3-DA73541F93A4}.Release|Any CPU.Build.0 = Release|Any CPU
		{4D85C10D-1DB3-41A0-AD04-EF43DF4F8B56}.Debug|Any CPU.ActiveCfg = Debug|Any CPU
		{4D85C10D-1DB3-41A0-AD04-EF43DF4F8B56}.Debug|Any CPU.Build.0 = Debug|Any CPU
		{4D85C10D-1DB3-41A0-AD04-EF43DF4F8B56}.Release|Any CPU.ActiveCfg = Release|Any CPU
		{4D85C10D-1DB3-41A0-AD04-EF43DF4F8B56}.Release|Any CPU.Build.0 = Release|Any CPU
		{E297D5D9-17DD-4FC3-9B7B-DF1A8B28FA5E}.Debug|Any CPU.ActiveCfg = Debug|Any CPU
		{E297D5D9-17DD-4FC3-9B7B-DF1A8B28FA5E}.Debug|Any CPU.Build.0 = Debug|Any CPU
		{E297D5D9-17DD-4FC3-9B7B-DF1A8B28FA5E}.Release|Any CPU.ActiveCfg = Release|Any CPU
		{E297D5D9-17DD-4FC3-9B7B-DF1A8B28FA5E}.Release|Any CPU.Build.0 = Release|Any CPU
		{715EED8D-94FE-40ED-B3F7-59284FA6242B}.Debug|Any CPU.ActiveCfg = Debug|Any CPU
		{715EED8D-94FE-40ED-B3F7-59284FA6242B}.Debug|Any CPU.Build.0 = Debug|Any CPU
		{715EED8D-94FE-40ED-B3F7-59284FA6242B}.Release|Any CPU.ActiveCfg = Release|Any CPU
		{715EED8D-94FE-40ED-B3F7-59284FA6242B}.Release|Any CPU.Build.0 = Release|Any CPU
	EndGlobalSection
	GlobalSection(SolutionProperties) = preSolution
		HideSolutionNode = FALSE
	EndGlobalSection
EndGlobal
